// !$*UTF8*$!
{
	archiveVersion = 1;
	classes = {
	};
	objectVersion = 55;
	objects = {

/* Begin PBXBuildFile section */
		9B813CCA28BCA9B6007E9E51 /* AppDelegate.swift in Sources */ = {isa = PBXBuildFile; fileRef = 9B813CC928BCA9B6007E9E51 /* AppDelegate.swift */; };
		9B813CCC28BCA9B6007E9E51 /* SceneDelegate.swift in Sources */ = {isa = PBXBuildFile; fileRef = 9B813CCB28BCA9B6007E9E51 /* SceneDelegate.swift */; };
		9B813CD128BCA9B6007E9E51 /* Main.storyboard in Resources */ = {isa = PBXBuildFile; fileRef = 9B813CCF28BCA9B6007E9E51 /* Main.storyboard */; };
		9B813CD328BCA9B6007E9E51 /* Assets.xcassets in Resources */ = {isa = PBXBuildFile; fileRef = 9B813CD228BCA9B6007E9E51 /* Assets.xcassets */; };
		9B813CD628BCA9B6007E9E51 /* LaunchScreen.storyboard in Resources */ = {isa = PBXBuildFile; fileRef = 9B813CD428BCA9B6007E9E51 /* LaunchScreen.storyboard */; };
		9B813CDE28BCAB0E007E9E51 /* TableViewController.swift in Sources */ = {isa = PBXBuildFile; fileRef = 9B813CDD28BCAB0E007E9E51 /* TableViewController.swift */; };
		9BC3F1CB28BCB439009525C0 /* cart.png in Resources */ = {isa = PBXBuildFile; fileRef = 9BC3F1C828BCB439009525C0 /* cart.png */; };
		9BC3F1CC28BCB439009525C0 /* clock.png in Resources */ = {isa = PBXBuildFile; fileRef = 9BC3F1C928BCB439009525C0 /* clock.png */; };
		9BC3F1CD28BCB439009525C0 /* pencil.png in Resources */ = {isa = PBXBuildFile; fileRef = 9BC3F1CA28BCB439009525C0 /* pencil.png */; };
		9BD06D8028BCB0D6000C52E6 /* DetailViewController.swift in Sources */ = {isa = PBXBuildFile; fileRef = 9BD06D7F28BCB0D6000C52E6 /* DetailViewController.swift */; };
		9BD06D8228BCB0E8000C52E6 /* AddViewController.swift in Sources */ = {isa = PBXBuildFile; fileRef = 9BD06D8128BCB0E8000C52E6 /* AddViewController.swift */; };
/* End PBXBuildFile section */

/* Begin PBXFileReference section */
		9B813CC628BCA9B6007E9E51 /* DoItiOSPractice.app */ = {isa = PBXFileReference; explicitFileType = wrapper.application; includeInIndex = 0; path = DoItiOSPractice.app; sourceTree = BUILT_PRODUCTS_DIR; };
		9B813CC928BCA9B6007E9E51 /* AppDelegate.swift */ = {isa = PBXFileReference; lastKnownFileType = sourcecode.swift; path = AppDelegate.swift; sourceTree = "<group>"; };
		9B813CCB28BCA9B6007E9E51 /* SceneDelegate.swift */ = {isa = PBXFileReference; lastKnownFileType = sourcecode.swift; path = SceneDelegate.swift; sourceTree = "<group>"; };
		9B813CD028BCA9B6007E9E51 /* Base */ = {isa = PBXFileReference; lastKnownFileType = file.storyboard; name = Base; path = Base.lproj/Main.storyboard; sourceTree = "<group>"; };
		9B813CD228BCA9B6007E9E51 /* Assets.xcassets */ = {isa = PBXFileReference; lastKnownFileType = folder.assetcatalog; path = Assets.xcassets; sourceTree = "<group>"; };
		9B813CD528BCA9B6007E9E51 /* Base */ = {isa = PBXFileReference; lastKnownFileType = file.storyboard; name = Base; path = Base.lproj/LaunchScreen.storyboard; sourceTree = "<group>"; };
		9B813CD728BCA9B6007E9E51 /* Info.plist */ = {isa = PBXFileReference; lastKnownFileType = text.plist.xml; path = Info.plist; sourceTree = "<group>"; };
		9B813CDD28BCAB0E007E9E51 /* TableViewController.swift */ = {isa = PBXFileReference; lastKnownFileType = sourcecode.swift; path = TableViewController.swift; sourceTree = "<group>"; };
		9BC3F1C828BCB439009525C0 /* cart.png */ = {isa = PBXFileReference; lastKnownFileType = image.png; name = cart.png; path = ../../../TabelViewController/TabelViewController/cart.png; sourceTree = "<group>"; };
		9BC3F1C928BCB439009525C0 /* clock.png */ = {isa = PBXFileReference; lastKnownFileType = image.png; name = clock.png; path = ../../../TabelViewController/TabelViewController/clock.png; sourceTree = "<group>"; };
		9BC3F1CA28BCB439009525C0 /* pencil.png */ = {isa = PBXFileReference; lastKnownFileType = image.png; name = pencil.png; path = ../../../TabelViewController/TabelViewController/pencil.png; sourceTree = "<group>"; };
		9BD06D7F28BCB0D6000C52E6 /* DetailViewController.swift */ = {isa = PBXFileReference; lastKnownFileType = sourcecode.swift; path = DetailViewController.swift; sourceTree = "<group>"; };
		9BD06D8128BCB0E8000C52E6 /* AddViewController.swift */ = {isa = PBXFileReference; lastKnownFileType = sourcecode.swift; path = AddViewController.swift; sourceTree = "<group>"; };
/* End PBXFileReference section */

/* Begin PBXFrameworksBuildPhase section */
		9B813CC328BCA9B6007E9E51 /* Frameworks */ = {
			isa = PBXFrameworksBuildPhase;
			buildActionMask = 2147483647;
			files = (
			);
			runOnlyForDeploymentPostprocessing = 0;
		};
/* End PBXFrameworksBuildPhase section */

/* Begin PBXGroup section */
		9B813CBD28BCA9B6007E9E51 = {
			isa = PBXGroup;
			children = (
				9B813CC828BCA9B6007E9E51 /* DoItiOSPractice */,
				9B813CC728BCA9B6007E9E51 /* Products */,
			);
			sourceTree = "<group>";
		};
		9B813CC728BCA9B6007E9E51 /* Products */ = {
			isa = PBXGroup;
			children = (
				9B813CC628BCA9B6007E9E51 /* DoItiOSPractice.app */,
			);
			name = Products;
			sourceTree = "<group>";
		};
		9B813CC828BCA9B6007E9E51 /* DoItiOSPractice */ = {
			isa = PBXGroup;
			children = (
				9B813CC928BCA9B6007E9E51 /* AppDelegate.swift */,
				9B813CCB28BCA9B6007E9E51 /* SceneDelegate.swift */,
				9B813CCF28BCA9B6007E9E51 /* Main.storyboard */,
				9B813CD228BCA9B6007E9E51 /* Assets.xcassets */,
				9B813CD428BCA9B6007E9E51 /* LaunchScreen.storyboard */,
				9B813CD728BCA9B6007E9E51 /* Info.plist */,
				9B813CDD28BCAB0E007E9E51 /* TableViewController.swift */,
				9BD06D7F28BCB0D6000C52E6 /* DetailViewController.swift */,
				9BD06D8128BCB0E8000C52E6 /* AddViewController.swift */,
				9BC3F1C828BCB439009525C0 /* cart.png */,
				9BC3F1C928BCB439009525C0 /* clock.png */,
				9BC3F1CA28BCB439009525C0 /* pencil.png */,
			);
			path = DoItiOSPractice;
			sourceTree = "<group>";
		};
/* End PBXGroup section */

/* Begin PBXNativeTarget section */
		9B813CC528BCA9B6007E9E51 /* DoItiOSPractice */ = {
			isa = PBXNativeTarget;
			buildConfigurationList = 9B813CDA28BCA9B6007E9E51 /* Build configuration list for PBXNativeTarget "DoItiOSPractice" */;
			buildPhases = (
				9B813CC228BCA9B6007E9E51 /* Sources */,
				9B813CC328BCA9B6007E9E51 /* Frameworks */,
				9B813CC428BCA9B6007E9E51 /* Resources */,
			);
			buildRules = (
			);
			dependencies = (
			);
			name = DoItiOSPractice;
			productName = DoItiOSPractice;
			productReference = 9B813CC628BCA9B6007E9E51 /* DoItiOSPractice.app */;
			productType = "com.apple.product-type.application";
		};
/* End PBXNativeTarget section */

/* Begin PBXProject section */
		9B813CBE28BCA9B6007E9E51 /* Project object */ = {
			isa = PBXProject;
			attributes = {
				BuildIndependentTargetsInParallel = 1;
				LastSwiftUpdateCheck = 1340;
				LastUpgradeCheck = 1340;
				TargetAttributes = {
					9B813CC528BCA9B6007E9E51 = {
						CreatedOnToolsVersion = 13.4;
					};
				};
			};
			buildConfigurationList = 9B813CC128BCA9B6007E9E51 /* Build configuration list for PBXProject "DoItiOSPractice" */;
			compatibilityVersion = "Xcode 13.0";
			developmentRegion = en;
			hasScannedForEncodings = 0;
			knownRegions = (
				en,
				Base,
			);
			mainGroup = 9B813CBD28BCA9B6007E9E51;
			productRefGroup = 9B813CC728BCA9B6007E9E51 /* Products */;
			projectDirPath = "";
			projectRoot = "";
			targets = (
				9B813CC528BCA9B6007E9E51 /* DoItiOSPractice */,
			);
		};
/* End PBXProject section */

/* Begin PBXResourcesBuildPhase section */
		9B813CC428BCA9B6007E9E51 /* Resources */ = {
			isa = PBXResourcesBuildPhase;
			buildActionMask = 2147483647;
			files = (
				9BC3F1CD28BCB439009525C0 /* pencil.png in Resources */,
				9B813CD628BCA9B6007E9E51 /* LaunchScreen.storyboard in Resources */,
				9BC3F1CC28BCB439009525C0 /* clock.png in Resources */,
				9BC3F1CB28BCB439009525C0 /* cart.png in Resources */,
				9B813CD328BCA9B6007E9E51 /* Assets.xcassets in Resources */,
				9B813CD128BCA9B6007E9E51 /* Main.storyboard in Resources */,
			);
			runOnlyForDeploymentPostprocessing = 0;
		};
/* End PBXResourcesBuildPhase section */

/* Begin PBXSourcesBuildPhase section */
		9B813CC228BCA9B6007E9E51 /* Sources */ = {
			isa = PBXSourcesBuildPhase;
			buildActionMask = 2147483647;
			files = (
				9BD06D8228BCB0E8000C52E6 /* AddViewController.swift in Sources */,
				9B813CCA28BCA9B6007E9E51 /* AppDelegate.swift in Sources */,
				9B813CDE28BCAB0E007E9E51 /* TableViewController.swift in Sources */,
				9B813CCC28BCA9B6007E9E51 /* SceneDelegate.swift in Sources */,
				9BD06D8028BCB0D6000C52E6 /* DetailViewController.swift in Sources */,
			);
			runOnlyForDeploymentPostprocessing = 0;
		};
/* End PBXSourcesBuildPhase section */

/* Begin PBXVariantGroup section */
		9B813CCF28BCA9B6007E9E51 /* Main.storyboard */ = {
			isa = PBXVariantGroup;
			children = (
				9B813CD028BCA9B6007E9E51 /* Base */,
			);
			name = Main.storyboard;
			sourceTree = "<group>";
		};
		9B813CD428BCA9B6007E9E51 /* LaunchScreen.storyboard */ = {
			isa = PBXVariantGroup;
			children = (
				9B813CD528BCA9B6007E9E51 /* Base */,
			);
			name = LaunchScreen.storyboard;
			sourceTree = "<group>";
		};
/* End PBXVariantGroup section */

/* Begin XCBuildConfiguration section */
		9B813CD828BCA9B6007E9E51 /* Debug */ = {
			isa = XCBuildConfiguration;
			buildSettings = {
				ALWAYS_SEARCH_USER_PATHS = NO;
				CLANG_ANALYZER_NONNULL = YES;
				CLANG_ANALYZER_NUMBER_OBJECT_CONVERSION = YES_AGGRESSIVE;
				CLANG_CXX_LANGUAGE_STANDARD = "gnu++17";
				CLANG_ENABLE_MODULES = YES;
				CLANG_ENABLE_OBJC_ARC = YES;
				CLANG_ENABLE_OBJC_WEAK = YES;
				CLANG_WARN_BLOCK_CAPTURE_AUTORELEASING = YES;
				CLANG_WARN_BOOL_CONVERSION = YES;
				CLANG_WARN_COMMA = YES;
				CLANG_WARN_CONSTANT_CONVERSION = YES;
				CLANG_WARN_DEPRECATED_OBJC_IMPLEMENTATIONS = YES;
				CLANG_WARN_DIRECT_OBJC_ISA_USAGE = YES_ERROR;
				CLANG_WARN_DOCUMENTATION_COMMENTS = YES;
				CLANG_WARN_EMPTY_BODY = YES;
				CLANG_WARN_ENUM_CONVERSION = YES;
				CLANG_WARN_INFINITE_RECURSION = YES;
				CLANG_WARN_INT_CONVERSION = YES;
				CLANG_WARN_NON_LITERAL_NULL_CONVERSION = YES;
				CLANG_WARN_OBJC_IMPLICIT_RETAIN_SELF = YES;
				CLANG_WARN_OBJC_LITERAL_CONVERSION = YES;
				CLANG_WARN_OBJC_ROOT_CLASS = YES_ERROR;
				CLANG_WARN_QUOTED_INCLUDE_IN_FRAMEWORK_HEADER = YES;
				CLANG_WARN_RANGE_LOOP_ANALYSIS = YES;
				CLANG_WARN_STRICT_PROTOTYPES = YES;
				CLANG_WARN_SUSPICIOUS_MOVE = YES;
				CLANG_WARN_UNGUARDED_AVAILABILITY = YES_AGGRESSIVE;
				CLANG_WARN_UNREACHABLE_CODE = YES;
				CLANG_WARN__DUPLICATE_METHOD_MATCH = YES;
				COPY_PHASE_STRIP = NO;
				DEBUG_INFORMATION_FORMAT = dwarf;
				ENABLE_STRICT_OBJC_MSGSEND = YES;
				ENABLE_TESTABILITY = YES;
				GCC_C_LANGUAGE_STANDARD = gnu11;
				GCC_DYNAMIC_NO_PIC = NO;
				GCC_NO_COMMON_BLOCKS = YES;
				GCC_OPTIMIZATION_LEVEL = 0;
				GCC_PREPROCESSOR_DEFINITIONS = (
					"DEBUG=1",
					"$(inherited)",
				);
				GCC_WARN_64_TO_32_BIT_CONVERSION = YES;
				GCC_WARN_ABOUT_RETURN_TYPE = YES_ERROR;
				GCC_WARN_UNDECLARED_SELECTOR = YES;
				GCC_WARN_UNINITIALIZED_AUTOS = YES_AGGRESSIVE;
				GCC_WARN_UNUSED_FUNCTION = YES;
				GCC_WARN_UNUSED_VARIABLE = YES;
				IPHONEOS_DEPLOYMENT_TARGET = 15.5;
				MTL_ENABLE_DEBUG_INFO = INCLUDE_SOURCE;
				MTL_FAST_MATH = YES;
				ONLY_ACTIVE_ARCH = YES;
				SDKROOT = iphoneos;
				SWIFT_ACTIVE_COMPILATION_CONDITIONS = DEBUG;
				SWIFT_OPTIMIZATION_LEVEL = "-Onone";
			};
			name = Debug;
		};
		9B813CD928BCA9B6007E9E51 /* Release */ = {
			isa = XCBuildConfiguration;
			buildSettings = {
				ALWAYS_SEARCH_USER_PATHS = NO;
				CLANG_ANALYZER_NONNULL = YES;
				CLANG_ANALYZER_NUMBER_OBJECT_CONVERSION = YES_AGGRESSIVE;
				CLANG_CXX_LANGUAGE_STANDARD = "gnu++17";
				CLANG_ENABLE_MODULES = YES;
				CLANG_ENABLE_OBJC_ARC = YES;
				CLANG_ENABLE_OBJC_WEAK = YES;
				CLANG_WARN_BLOCK_CAPTURE_AUTORELEASING = YES;
				CLANG_WARN_BOOL_CONVERSION = YES;
				CLANG_WARN_COMMA = YES;
				CLANG_WARN_CONSTANT_CONVERSION = YES;
				CLANG_WARN_DEPRECATED_OBJC_IMPLEMENTATIONS = YES;
				CLANG_WARN_DIRECT_OBJC_ISA_USAGE = YES_ERROR;
				CLANG_WARN_DOCUMENTATION_COMMENTS = YES;
				CLANG_WARN_EMPTY_BODY = YES;
				CLANG_WARN_ENUM_CONVERSION = YES;
				CLANG_WARN_INFINITE_RECURSION = YES;
				CLANG_WARN_INT_CONVERSION = YES;
				CLANG_WARN_NON_LITERAL_NULL_CONVERSION = YES;
				CLANG_WARN_OBJC_IMPLICIT_RETAIN_SELF = YES;
				CLANG_WARN_OBJC_LITERAL_CONVERSION = YES;
				CLANG_WARN_OBJC_ROOT_CLASS = YES_ERROR;
				CLANG_WARN_QUOTED_INCLUDE_IN_FRAMEWORK_HEADER = YES;
				CLANG_WARN_RANGE_LOOP_ANALYSIS = YES;
				CLANG_WARN_STRICT_PROTOTYPES = YES;
				CLANG_WARN_SUSPICIOUS_MOVE = YES;
				CLANG_WARN_UNGUARDED_AVAILABILITY = YES_AGGRESSIVE;
				CLANG_WARN_UNREACHABLE_CODE = YES;
				CLANG_WARN__DUPLICATE_METHOD_MATCH = YES;
				COPY_PHASE_STRIP = NO;
				DEBUG_INFORMATION_FORMAT = "dwarf-with-dsym";
				ENABLE_NS_ASSERTIONS = NO;
				ENABLE_STRICT_OBJC_MSGSEND = YES;
				GCC_C_LANGUAGE_STANDARD = gnu11;
				GCC_NO_COMMON_BLOCKS = YES;
				GCC_WARN_64_TO_32_BIT_CONVERSION = YES;
				GCC_WARN_ABOUT_RETURN_TYPE = YES_ERROR;
				GCC_WARN_UNDECLARED_SELECTOR = YES;
				GCC_WARN_UNINITIALIZED_AUTOS = YES_AGGRESSIVE;
				GCC_WARN_UNUSED_FUNCTION = YES;
				GCC_WARN_UNUSED_VARIABLE = YES;
				IPHONEOS_DEPLOYMENT_TARGET = 15.5;
				MTL_ENABLE_DEBUG_INFO = NO;
				MTL_FAST_MATH = YES;
				SDKROOT = iphoneos;
				SWIFT_COMPILATION_MODE = wholemodule;
				SWIFT_OPTIMIZATION_LEVEL = "-O";
				VALIDATE_PRODUCT = YES;
			};
			name = Release;
		};
		9B813CDB28BCA9B6007E9E51 /* Debug */ = {
			isa = XCBuildConfiguration;
			buildSettings = {
				ASSETCATALOG_COMPILER_APPICON_NAME = AppIcon;
				ASSETCATALOG_COMPILER_GLOBAL_ACCENT_COLOR_NAME = AccentColor;
				CODE_SIGN_STYLE = Automatic;
				CURRENT_PROJECT_VERSION = 1;
				DEVELOPMENT_TEAM = M5SX67S4MM;
				GENERATE_INFOPLIST_FILE = YES;
				INFOPLIST_FILE = DoItiOSPractice/Info.plist;
				INFOPLIST_KEY_UIApplicationSupportsIndirectInputEvents = YES;
				INFOPLIST_KEY_UILaunchStoryboardName = LaunchScreen;
				INFOPLIST_KEY_UIMainStoryboardFile = Main;
				INFOPLIST_KEY_UISupportedInterfaceOrientations_iPad = "UIInterfaceOrientationPortrait UIInterfaceOrientationPortraitUpsideDown UIInterfaceOrientationLandscapeLeft UIInterfaceOrientationLandscapeRight";
				INFOPLIST_KEY_UISupportedInterfaceOrientations_iPhone = "UIInterfaceOrientationPortrait UIInterfaceOrientationLandscapeLeft UIInterfaceOrientationLandscapeRight";
				LD_RUNPATH_SEARCH_PATHS = (
					"$(inherited)",
					"@executable_path/Frameworks",
				);
				MARKETING_VERSION = 1.0;
				PRODUCT_BUNDLE_IDENTIFIER = Lee.DoItiOSPractice;
				PRODUCT_NAME = "$(TARGET_NAME)";
				SWIFT_EMIT_LOC_STRINGS = YES;
				SWIFT_VERSION = 5.0;
				TARGETED_DEVICE_FAMILY = "1,2";
			};
			name = Debug;
		};
		9B813CDC28BCA9B6007E9E51 /* Release */ = {
			isa = XCBuildConfiguration;
			buildSettings = {
				ASSETCATALOG_COMPILER_APPICON_NAME = AppIcon;
				ASSETCATALOG_COMPILER_GLOBAL_ACCENT_COLOR_NAME = AccentColor;
				CODE_SIGN_STYLE = Automatic;
				CURRENT_PROJECT_VERSION = 1;
				DEVELOPMENT_TEAM = M5SX67S4MM;
				GENERATE_INFOPLIST_FILE = YES;
				INFOPLIST_FILE = DoItiOSPractice/Info.plist;
				INFOPLIST_KEY_UIApplicationSupportsIndirectInputEvents = YES;
				INFOPLIST_KEY_UILaunchStoryboardName = LaunchScreen;
				INFOPLIST_KEY_UIMainStoryboardFile = Main;
				INFOPLIST_KEY_UISupportedInterfaceOrientations_iPad = "UIInterfaceOrientationPortrait UIInterfaceOrientationPortraitUpsideDown UIInterfaceOrientationLandscapeLeft UIInterfaceOrientationLandscapeRight";
				INFOPLIST_KEY_UISupportedInterfaceOrientations_iPhone = "UIInterfaceOrientationPortrait UIInterfaceOrientationLandscapeLeft UIInterfaceOrientationLandscapeRight";
				LD_RUNPATH_SEARCH_PATHS = (
					"$(inherited)",
					"@executable_path/Frameworks",
				);
				MARKETING_VERSION = 1.0;
				PRODUCT_BUNDLE_IDENTIFIER = Lee.DoItiOSPractice;
				PRODUCT_NAME = "$(TARGET_NAME)";
				SWIFT_EMIT_LOC_STRINGS = YES;
				SWIFT_VERSION = 5.0;
				TARGETED_DEVICE_FAMILY = "1,2";
			};
			name = Release;
		};
/* End XCBuildConfiguration section */

/* Begin XCConfigurationList section */
		9B813CC128BCA9B6007E9E51 /* Build configuration list for PBXProject "DoItiOSPractice" */ = {
			isa = XCConfigurationList;
			buildConfigurations = (
				9B813CD828BCA9B6007E9E51 /* Debug */,
				9B813CD928BCA9B6007E9E51 /* Release */,
			);
			defaultConfigurationIsVisible = 0;
			defaultConfigurationName = Release;
		};
		9B813CDA28BCA9B6007E9E51 /* Build configuration list for PBXNativeTarget "DoItiOSPractice" */ = {
			isa = XCConfigurationList;
			buildConfigurations = (
				9B813CDB28BCA9B6007E9E51 /* Debug */,
				9B813CDC28BCA9B6007E9E51 /* Release */,
			);
			defaultConfigurationIsVisible = 0;
			defaultConfigurationName = Release;
		};
/* End XCConfigurationList section */
	};
	rootObject = 9B813CBE28BCA9B6007E9E51 /* Project object */;
}
